
Microsoft Visual Studio Solution File, Format Version 12.00
# Visual Studio Version 16
VisualStudioVersion = 16.0.31702.278
MinimumVisualStudioVersion = 10.0.40219.1
Project("{FAE04EC0-301F-11D3-BF4B-00C04F79EFBC}") = "ApiMercado", "ApiMercado\ApiMercado.csproj", "{CCF59BFE-1B40-404A-AF67-BB444F976FDD}"
EndProject
Global
	GlobalSection(SolutionConfigurationPlatforms) = preSolution
		Debug|Any CPU = Debug|Any CPU
		Release|Any CPU = Release|Any CPU
	EndGlobalSection
	GlobalSection(ProjectConfigurationPlatforms) = postSolution
		{CCF59BFE-1B40-404A-AF67-BB444F976FDD}.Debug|Any CPU.ActiveCfg = Debug|Any CPU
		{CCF59BFE-1B40-404A-AF67-BB444F976FDD}.Debug|Any CPU.Build.0 = Debug|Any CPU
		{CCF59BFE-1B40-404A-AF67-BB444F976FDD}.Release|Any CPU.ActiveCfg = Release|Any CPU
		{CCF59BFE-1B40-404A-AF67-BB444F976FDD}.Release|Any CPU.Build.0 = Release|Any CPU
	EndGlobalSection
	GlobalSection(SolutionProperties) = preSolution
		HideSolutionNode = FALSE
	EndGlobalSection
	GlobalSection(ExtensibilityGlobals) = postSolution
		SolutionGuid = {98F06ABA-3C39-4706-B419-F40E414AF94C}
	EndGlobalSection
EndGlobal
